// !$*UTF8*$!
{
	archiveVersion = 1;
	classes = {
	};
	objectVersion = 46;
	objects = {

/* Begin PBXBuildFile section */
		3FF164F61C92ADDC00506C1E /* main.m in Sources */ = {isa = PBXBuildFile; fileRef = 3FF164F51C92ADDC00506C1E /* main.m */; };
		3FF164F91C92ADDC00506C1E /* FLTextFieldAppDelegate.m in Sources */ = {isa = PBXBuildFile; fileRef = 3FF164F81C92ADDC00506C1E /* FLTextFieldAppDelegate.m */; };
		3FF164FC1C92ADDC00506C1E /* FLTextFieldViewController.m in Sources */ = {isa = PBXBuildFile; fileRef = 3FF164FB1C92ADDC00506C1E /* FLTextFieldViewController.m */; };
		3FF165011C92ADDC00506C1E /* Assets.xcassets in Resources */ = {isa = PBXBuildFile; fileRef = 3FF165001C92ADDC00506C1E /* Assets.xcassets */; };
		3FF1650D1C92AE5D00506C1E /* FL_TextField.m in Sources */ = {isa = PBXBuildFile; fileRef = 3FF1650C1C92AE5D00506C1E /* FL_TextField.m */; };
		DC6F62494D00BAAFDF858A8B /* libPods-FLTextFieldDemo.a in Frameworks */ = {isa = PBXBuildFile; fileRef = 2A5D5B2E3457B32E0DAAB9FE /* libPods-FLTextFieldDemo.a */; };
/* End PBXBuildFile section */

/* Begin PBXFileReference section */
		2A5D5B2E3457B32E0DAAB9FE /* libPods-FLTextFieldDemo.a */ = {isa = PBXFileReference; explicitFileType = archive.ar; includeInIndex = 0; path = "libPods-FLTextFieldDemo.a"; sourceTree = BUILT_PRODUCTS_DIR; };
		3FF164F11C92ADDC00506C1E /* FLTextFieldDemo.app */ = {isa = PBXFileReference; explicitFileType = wrapper.application; includeInIndex = 0; path = FLTextFieldDemo.app; sourceTree = BUILT_PRODUCTS_DIR; };
		3FF164F51C92ADDC00506C1E /* main.m */ = {isa = PBXFileReference; lastKnownFileType = sourcecode.c.objc; path = main.m; sourceTree = "<group>"; };
		3FF164F71C92ADDC00506C1E /* FLTextFieldAppDelegate.h */ = {isa = PBXFileReference; lastKnownFileType = sourcecode.c.h; path = FLTextFieldAppDelegate.h; sourceTree = "<group>"; };
		3FF164F81C92ADDC00506C1E /* FLTextFieldAppDelegate.m */ = {isa = PBXFileReference; lastKnownFileType = sourcecode.c.objc; path = FLTextFieldAppDelegate.m; sourceTree = "<group>"; };
		3FF164FA1C92ADDC00506C1E /* FLTextFieldViewController.h */ = {isa = PBXFileReference; lastKnownFileType = sourcecode.c.h; path = FLTextFieldViewController.h; sourceTree = "<group>"; };
		3FF164FB1C92ADDC00506C1E /* FLTextFieldViewController.m */ = {isa = PBXFileReference; lastKnownFileType = sourcecode.c.objc; path = FLTextFieldViewController.m; sourceTree = "<group>"; };
		3FF165001C92ADDC00506C1E /* Assets.xcassets */ = {isa = PBXFileReference; lastKnownFileType = folder.assetcatalog; path = Assets.xcassets; sourceTree = "<group>"; };
		3FF165051C92ADDC00506C1E /* Info.plist */ = {isa = PBXFileReference; lastKnownFileType = text.plist.xml; path = Info.plist; sourceTree = "<group>"; };
		3FF1650B1C92AE5D00506C1E /* FL_TextField.h */ = {isa = PBXFileReference; fileEncoding = 4; lastKnownFileType = sourcecode.c.h; path = FL_TextField.h; sourceTree = "<group>"; };
		3FF1650C1C92AE5D00506C1E /* FL_TextField.m */ = {isa = PBXFileReference; fileEncoding = 4; lastKnownFileType = sourcecode.c.objc; path = FL_TextField.m; sourceTree = "<group>"; };
		B9436A1E5883BD592B2E3C6F /* Pods-FLTextFieldDemo.release.xcconfig */ = {isa = PBXFileReference; includeInIndex = 1; lastKnownFileType = text.xcconfig; name = "Pods-FLTextFieldDemo.release.xcconfig"; path = "Pods/Target Support Files/Pods-FLTextFieldDemo/Pods-FLTextFieldDemo.release.xcconfig"; sourceTree = "<group>"; };
		BFA7C2EAD8970DDA8F99920E /* Pods-FLTextFieldDemo.debug.xcconfig */ = {isa = PBXFileReference; includeInIndex = 1; lastKnownFileType = text.xcconfig; name = "Pods-FLTextFieldDemo.debug.xcconfig"; path = "Pods/Target Support Files/Pods-FLTextFieldDemo/Pods-FLTextFieldDemo.debug.xcconfig"; sourceTree = "<group>"; };
/* End PBXFileReference section */

/* Begin PBXFrameworksBuildPhase section */
		3FF164EE1C92ADDC00506C1E /* Frameworks */ = {
			isa = PBXFrameworksBuildPhase;
			buildActionMask = 2147483647;
			files = (
				DC6F62494D00BAAFDF858A8B /* libPods-FLTextFieldDemo.a in Frameworks */,
			);
			runOnlyForDeploymentPostprocessing = 0;
		};
/* End PBXFrameworksBuildPhase section */

/* Begin PBXGroup section */
		1C22CA643E52BE11A1075A1E /* Pods */ = {
			isa = PBXGroup;
			children = (
				BFA7C2EAD8970DDA8F99920E /* Pods-FLTextFieldDemo.debug.xcconfig */,
				B9436A1E5883BD592B2E3C6F /* Pods-FLTextFieldDemo.release.xcconfig */,
			);
			name = Pods;
			sourceTree = "<group>";
		};
		3FF164E81C92ADDC00506C1E = {
			isa = PBXGroup;
			children = (
				3FF164F31C92ADDC00506C1E /* FLTextFieldDemo */,
				3FF164F21C92ADDC00506C1E /* Products */,
				1C22CA643E52BE11A1075A1E /* Pods */,
				40CE985BC638D4A52148E332 /* Frameworks */,
			);
			sourceTree = "<group>";
		};
		3FF164F21C92ADDC00506C1E /* Products */ = {
			isa = PBXGroup;
			children = (
				3FF164F11C92ADDC00506C1E /* FLTextFieldDemo.app */,
			);
			name = Products;
			sourceTree = "<group>";
		};
		3FF164F31C92ADDC00506C1E /* FLTextFieldDemo */ = {
			isa = PBXGroup;
			children = (
				3FF1650E1C92AE6400506C1E /* FL_TextField */,
				3FF164F71C92ADDC00506C1E /* FLTextFieldAppDelegate.h */,
				3FF164F81C92ADDC00506C1E /* FLTextFieldAppDelegate.m */,
				3FF164FA1C92ADDC00506C1E /* FLTextFieldViewController.h */,
				3FF164FB1C92ADDC00506C1E /* FLTextFieldViewController.m */,
				3FF164F41C92ADDC00506C1E /* Supporting Files */,
			);
			path = FLTextFieldDemo;
			sourceTree = "<group>";
		};
		3FF164F41C92ADDC00506C1E /* Supporting Files */ = {
			isa = PBXGroup;
			children = (
				3FF165001C92ADDC00506C1E /* Assets.xcassets */,
				3FF165051C92ADDC00506C1E /* Info.plist */,
				3FF164F51C92ADDC00506C1E /* main.m */,
			);
			name = "Supporting Files";
			sourceTree = "<group>";
		};
		3FF1650E1C92AE6400506C1E /* FL_TextField */ = {
			isa = PBXGroup;
			children = (
				3FF1650B1C92AE5D00506C1E /* FL_TextField.h */,
				3FF1650C1C92AE5D00506C1E /* FL_TextField.m */,
			);
			name = FL_TextField;
			sourceTree = "<group>";
		};
		40CE985BC638D4A52148E332 /* Frameworks */ = {
			isa = PBXGroup;
			children = (
				2A5D5B2E3457B32E0DAAB9FE /* libPods-FLTextFieldDemo.a */,
			);
			name = Frameworks;
			sourceTree = "<group>";
		};
/* End PBXGroup section */

/* Begin PBXNativeTarget section */
		3FF164F01C92ADDC00506C1E /* FLTextFieldDemo */ = {
			isa = PBXNativeTarget;
			buildConfigurationList = 3FF165081C92ADDC00506C1E /* Build configuration list for PBXNativeTarget "FLTextFieldDemo" */;
			buildPhases = (
				F7A0EDEEB528FCACE644B660 /* Check Pods Manifest.lock */,
				3FF164ED1C92ADDC00506C1E /* Sources */,
				3FF164EE1C92ADDC00506C1E /* Frameworks */,
				3FF164EF1C92ADDC00506C1E /* Resources */,
				975AA5B11B58A8646E858637 /* Embed Pods Frameworks */,
				24361F6F59EBB5E87274155D /* Copy Pods Resources */,
			);
			buildRules = (
			);
			dependencies = (
			);
			name = FLTextFieldDemo;
			productName = FLTextFieldDemo;
			productReference = 3FF164F11C92ADDC00506C1E /* FLTextFieldDemo.app */;
			productType = "com.apple.product-type.application";
		};
/* End PBXNativeTarget section */

/* Begin PBXProject section */
		3FF164E91C92ADDC00506C1E /* Project object */ = {
			isa = PBXProject;
			attributes = {
				LastUpgradeCheck = 0700;
				ORGANIZATIONNAME = czebd;
				TargetAttributes = {
					3FF164F01C92ADDC00506C1E = {
						CreatedOnToolsVersion = 7.0;
					};
				};
			};
			buildConfigurationList = 3FF164EC1C92ADDC00506C1E /* Build configuration list for PBXProject "FLTextFieldDemo" */;
			compatibilityVersion = "Xcode 3.2";
			developmentRegion = English;
			hasScannedForEncodings = 0;
			knownRegions = (
				en,
				Base,
			);
			mainGroup = 3FF164E81C92ADDC00506C1E;
			productRefGroup = 3FF164F21C92ADDC00506C1E /* Products */;
			projectDirPath = "";
			projectRoot = "";
			targets = (
				3FF164F01C92ADDC00506C1E /* FLTextFieldDemo */,
			);
		};
/* End PBXProject section */

/* Begin PBXResourcesBuildPhase section */
		3FF164EF1C92ADDC00506C1E /* Resources */ = {
			isa = PBXResourcesBuildPhase;
			buildActionMask = 2147483647;
			files = (
				3FF165011C92ADDC00506C1E /* Assets.xcassets in Resources */,
			);
			runOnlyForDeploymentPostprocessing = 0;
		};
/* End PBXResourcesBuildPhase section */

/* Begin PBXShellScriptBuildPhase section */
		24361F6F59EBB5E87274155D /* Copy Pods Resources */ = {
			isa = PBXShellScriptBuildPhase;
			buildActionMask = 2147483647;
			files = (
			);
			inputPaths = (
			);
			name = "Copy Pods Resources";
			outputPaths = (
			);
			runOnlyForDeploymentPostprocessing = 0;
			shellPath = /bin/sh;
			shellScript = "\"${SRCROOT}/Pods/Target Support Files/Pods-FLTextFieldDemo/Pods-FLTextFieldDemo-resources.sh\"\n";
			showEnvVarsInLog = 0;
		};
		975AA5B11B58A8646E858637 /* Embed Pods Frameworks */ = {
			isa = PBXShellScriptBuildPhase;
			buildActionMask = 2147483647;
			files = (
			);
			inputPaths = (
			);
			name = "Embed Pods Frameworks";
			outputPaths = (
			);
			runOnlyForDeploymentPostprocessing = 0;
			shellPath = /bin/sh;
			shellScript = "\"${SRCROOT}/Pods/Target Support Files/Pods-FLTextFieldDemo/Pods-FLTextFieldDemo-frameworks.sh\"\n";
			showEnvVarsInLog = 0;
		};
		F7A0EDEEB528FCACE644B660 /* Check Pods Manifest.lock */ = {
			isa = PBXShellScriptBuildPhase;
			buildActionMask = 2147483647;
			files = (
			);
			inputPaths = (
			);
			name = "Check Pods Manifest.lock";
			outputPaths = (
			);
			runOnlyForDeploymentPostprocessing = 0;
			shellPath = /bin/sh;
			shellScript = "diff \"${PODS_ROOT}/../Podfile.lock\" \"${PODS_ROOT}/Manifest.lock\" > /dev/null\nif [[ $? != 0 ]] ; then\n    cat << EOM\nerror: The sandbox is not in sync with the Podfile.lock. Run 'pod install' or update your CocoaPods installation.\nEOM\n    exit 1\nfi\n";
			showEnvVarsInLog = 0;
		};
/* End PBXShellScriptBuildPhase section */

/* Begin PBXSourcesBuildPhase section */
		3FF164ED1C92ADDC00506C1E /* Sources */ = {
			isa = PBXSourcesBuildPhase;
			buildActionMask = 2147483647;
			files = (
				3FF164FC1C92ADDC00506C1E /* FLTextFieldViewController.m in Sources */,
				3FF164F91C92ADDC00506C1E /* FLTextFieldAppDelegate.m in Sources */,
				3FF164F61C92ADDC00506C1E /* main.m in Sources */,
				3FF1650D1C92AE5D00506C1E /* FL_TextField.m in Sources */,
			);
			runOnlyForDeploymentPostprocessing = 0;
		};
/* End PBXSourcesBuildPhase section */

/* Begin XCBuildConfiguration section */
		3FF165061C92ADDC00506C1E /* Debug */ = {
			isa = XCBuildConfiguration;
			buildSettings = {
				ALWAYS_SEARCH_USER_PATHS = NO;
				CLANG_CXX_LANGUAGE_STANDARD = "gnu++0x";
				CLANG_CXX_LIBRARY = "libc++";
				CLANG_ENABLE_MODULES = YES;
				CLANG_ENABLE_OBJC_ARC = YES;
				CLANG_WARN_BOOL_CONVERSION = YES;
				CLANG_WARN_CONSTANT_CONVERSION = YES;
				CLANG_WARN_DIRECT_OBJC_ISA_USAGE = YES_ERROR;
				CLANG_WARN_EMPTY_BODY = YES;
				CLANG_WARN_ENUM_CONVERSION = YES;
				CLANG_WARN_INT_CONVERSION = YES;
				CLANG_WARN_OBJC_ROOT_CLASS = YES_ERROR;
				CLANG_WARN_UNREACHABLE_CODE = YES;
				CLANG_WARN__DUPLICATE_METHOD_MATCH = YES;
				"CODE_SIGN_IDENTITY[sdk=iphoneos*]" = "iPhone Developer";
				COPY_PHASE_STRIP = NO;
				DEBUG_INFORMATION_FORMAT = dwarf;
				ENABLE_STRICT_OBJC_MSGSEND = YES;
				ENABLE_TESTABILITY = YES;
				GCC_C_LANGUAGE_STANDARD = gnu99;
				GCC_DYNAMIC_NO_PIC = NO;
				GCC_NO_COMMON_BLOCKS = YES;
				GCC_OPTIMIZATION_LEVEL = 0;
				GCC_PREPROCESSOR_DEFINITIONS = (
					"DEBUG=1",
					"$(inherited)",
				);
				GCC_WARN_64_TO_32_BIT_CONVERSION = YES;
				GCC_WARN_ABOUT_RETURN_TYPE = YES_ERROR;
				GCC_WARN_UNDECLARED_SELECTOR = YES;
				GCC_WARN_UNINITIALIZED_AUTOS = YES_AGGRESSIVE;
				GCC_WARN_UNUSED_FUNCTION = YES;
				GCC_WARN_UNUSED_VARIABLE = YES;
				IPHONEOS_DEPLOYMENT_TARGET = 9.0;
				MTL_ENABLE_DEBUG_INFO = YES;
				ONLY_ACTIVE_ARCH = YES;
				SDKROOT = iphoneos;
			};
			name = Debug;
		};
		3FF165071C92ADDC00506C1E /* Release */ = {
			isa = XCBuildConfiguration;
			buildSettings = {
				ALWAYS_SEARCH_USER_PATHS = NO;
				CLANG_CXX_LANGUAGE_STANDARD = "gnu++0x";
				CLANG_CXX_LIBRARY = "libc++";
				CLANG_ENABLE_MODULES = YES;
				CLANG_ENABLE_OBJC_ARC = YES;
				CLANG_WARN_BOOL_CONVERSION = YES;
				CLANG_WARN_CONSTANT_CONVERSION = YES;
				CLANG_WARN_DIRECT_OBJC_ISA_USAGE = YES_ERROR;
				CLANG_WARN_EMPTY_BODY = YES;
				CLANG_WARN_ENUM_CONVERSION = YES;
				CLANG_WARN_INT_CONVERSION = YES;
				CLANG_WARN_OBJC_ROOT_CLASS = YES_ERROR;
				CLANG_WARN_UNREACHABLE_CODE = YES;
				CLANG_WARN__DUPLICATE_METHOD_MATCH = YES;
				"CODE_SIGN_IDENTITY[sdk=iphoneos*]" = "iPhone Developer";
				COPY_PHASE_STRIP = NO;
				DEBUG_INFORMATION_FORMAT = "dwarf-with-dsym";
				ENABLE_NS_ASSERTIONS = NO;
				ENABLE_STRICT_OBJC_MSGSEND = YES;
				GCC_C_LANGUAGE_STANDARD = gnu99;
				GCC_NO_COMMON_BLOCKS = YES;
				GCC_WARN_64_TO_32_BIT_CONVERSION = YES;
				GCC_WARN_ABOUT_RETURN_TYPE = YES_ERROR;
				GCC_WARN_UNDECLARED_SELECTOR = YES;
				GCC_WARN_UNINITIALIZED_AUTOS = YES_AGGRESSIVE;
				GCC_WARN_UNUSED_FUNCTION = YES;
				GCC_WARN_UNUSED_VARIABLE = YES;
				IPHONEOS_DEPLOYMENT_TARGET = 9.0;
				MTL_ENABLE_DEBUG_INFO = NO;
				SDKROOT = iphoneos;
				VALIDATE_PRODUCT = YES;
			};
			name = Release;
		};
		3FF165091C92ADDC00506C1E /* Debug */ = {
			isa = XCBuildConfiguration;
			baseConfigurationReference = BFA7C2EAD8970DDA8F99920E /* Pods-FLTextFieldDemo.debug.xcconfig */;
			buildSettings = {
				ASSETCATALOG_COMPILER_APPICON_NAME = AppIcon;
				INFOPLIST_FILE = FLTextFieldDemo/Info.plist;
				LD_RUNPATH_SEARCH_PATHS = "$(inherited) @executable_path/Frameworks";
				PRODUCT_BUNDLE_IDENTIFIER = com.czebd.FLTextFieldDemo;
				PRODUCT_NAME = "$(TARGET_NAME)";
			};
			name = Debug;
		};
		3FF1650A1C92ADDC00506C1E /* Release */ = {
			isa = XCBuildConfiguration;
			baseConfigurationReference = B9436A1E5883BD592B2E3C6F /* Pods-FLTextFieldDemo.release.xcconfig */;
			buildSettings = {
				ASSETCATALOG_COMPILER_APPICON_NAME = AppIcon;
				INFOPLIST_FILE = FLTextFieldDemo/Info.plist;
				LD_RUNPATH_SEARCH_PATHS = "$(inherited) @executable_path/Frameworks";
				PRODUCT_BUNDLE_IDENTIFIER = com.czebd.FLTextFieldDemo;
				PRODUCT_NAME = "$(TARGET_NAME)";
			};
			name = Release;
		};
/* End XCBuildConfiguration section */

/* Begin XCConfigurationList section */
		3FF164EC1C92ADDC00506C1E /* Build configuration list for PBXProject "FLTextFieldDemo" */ = {
			isa = XCConfigurationList;
			buildConfigurations = (
				3FF165061C92ADDC00506C1E /* Debug */,
				3FF165071C92ADDC00506C1E /* Release */,
			);
			defaultConfigurationIsVisible = 0;
			defaultConfigurationName = Release;
		};
		3FF165081C92ADDC00506C1E /* Build configuration list for PBXNativeTarget "FLTextFieldDemo" */ = {
			isa = XCConfigurationList;
			buildConfigurations = (
				3FF165091C92ADDC00506C1E /* Debug */,
				3FF1650A1C92ADDC00506C1E /* Release */,
			);
			defaultConfigurationIsVisible = 0;
			defaultConfigurationName = Release;
		};
/* End XCConfigurationList section */
	};
	rootObject = 3FF164E91C92ADDC00506C1E /* Project object */;
}
